
Microsoft Visual Studio Solution File, Format Version 12.00
# Visual Studio Version 17
VisualStudioVersion = 17.5.002.0
MinimumVisualStudioVersion = 10.0.40219.1
Project("{9A19103F-16F7-4668-BE54-9A1E7A4F7556}") = "api", "api.csproj", "{ADBB2A25-61FE-4D26-8FA0-9FDFBC6B57EE}"
EndProject
Global
	GlobalSection(SolutionConfigurationPlatforms) = preSolution
		Debug|Any CPU = Debug|Any CPU
		Release|Any CPU = Release|Any CPU
	EndGlobalSection
	GlobalSection(ProjectConfigurationPlatforms) = postSolution
		{ADBB2A25-61FE-4D26-8FA0-9FDFBC6B57EE}.Debug|Any CPU.ActiveCfg = Debug|Any CPU
		{ADBB2A25-61FE-4D26-8FA0-9FDFBC6B57EE}.Debug|Any CPU.Build.0 = Debug|Any CPU
		{ADBB2A25-61FE-4D26-8FA0-9FDFBC6B57EE}.Release|Any CPU.ActiveCfg = Release|Any CPU
		{ADBB2A25-61FE-4D26-8FA0-9FDFBC6B57EE}.Release|Any CPU.Build.0 = Release|Any CPU
	EndGlobalSection
	GlobalSection(SolutionProperties) = preSolution
		HideSolutionNode = FALSE
	EndGlobalSection
	GlobalSection(ExtensibilityGlobals) = postSolution
		SolutionGuid = {0817F86C-48EA-4E6C-BC6E-7F7CE1D06F78}
	EndGlobalSection
EndGlobal
